
Microsoft Visual Studio Solution File, Format Version 12.00
# Visual Studio Version 17
VisualStudioVersion = 17.10.35013.160
MinimumVisualStudioVersion = 10.0.40219.1
Project("{FAE04EC0-301F-11D3-BF4B-00C04F79EFBC}") = "TechnicalAssignment", "TechnicalAssignment.csproj", "{BB50B839-D985-4C55-9EA9-96D8F9E705CE}"
EndProject
Global
	GlobalSection(SolutionConfigurationPlatforms) = preSolution
		Debug|Any CPU = Debug|Any CPU
		Release|Any CPU = Release|Any CPU
	EndGlobalSection
	GlobalSection(ProjectConfigurationPlatforms) = postSolution
		{BB50B839-D985-4C55-9EA9-96D8F9E705CE}.Debug|Any CPU.ActiveCfg = Debug|Any CPU
		{BB50B839-D985-4C55-9EA9-96D8F9E705CE}.Debug|Any CPU.Build.0 = Debug|Any CPU
		{BB50B839-D985-4C55-9EA9-96D8F9E705CE}.Release|Any CPU.ActiveCfg = Release|Any CPU
		{BB50B839-D985-4C55-9EA9-96D8F9E705CE}.Release|Any CPU.Build.0 = Release|Any CPU
	EndGlobalSection
	GlobalSection(SolutionProperties) = preSolution
		HideSolutionNode = FALSE
	EndGlobalSection
	GlobalSection(ExtensibilityGlobals) = postSolution
		SolutionGuid = {D4DFAC95-56A4-4043-B0AD-A42DE90EE360}
	EndGlobalSection
EndGlobal
